
Microsoft Visual Studio Solution File, Format Version 12.00
# Visual Studio Version 17
VisualStudioVersion = 17.3.32804.467
MinimumVisualStudioVersion = 10.0.40219.1
Project("{FAE04EC0-301F-11D3-BF4B-00C04F79EFBC}") = "DapperProject", "DapperProject\DapperProject.csproj", "{28120770-D3AB-49FC-9A0C-DDFC5811EBCF}"
EndProject
Global
	GlobalSection(SolutionConfigurationPlatforms) = preSolution
		Debug|Any CPU = Debug|Any CPU
		Release|Any CPU = Release|Any CPU
	EndGlobalSection
	GlobalSection(ProjectConfigurationPlatforms) = postSolution
		{28120770-D3AB-49FC-9A0C-DDFC5811EBCF}.Debug|Any CPU.ActiveCfg = Debug|Any CPU
		{28120770-D3AB-49FC-9A0C-DDFC5811EBCF}.Debug|Any CPU.Build.0 = Debug|Any CPU
		{28120770-D3AB-49FC-9A0C-DDFC5811EBCF}.Release|Any CPU.ActiveCfg = Release|Any CPU
		{28120770-D3AB-49FC-9A0C-DDFC5811EBCF}.Release|Any CPU.Build.0 = Release|Any CPU
	EndGlobalSection
	GlobalSection(SolutionProperties) = preSolution
		HideSolutionNode = FALSE
	EndGlobalSection
	GlobalSection(ExtensibilityGlobals) = postSolution
		SolutionGuid = {77ECD858-EA60-496F-8D7E-DA02ACD183BE}
	EndGlobalSection
EndGlobal
